
Microsoft Visual Studio Solution File, Format Version 12.00
# Visual Studio 15
VisualStudioVersion = 15.0.27130.2024
MinimumVisualStudioVersion = 10.0.40219.1
Project("{9A19103F-16F7-4668-BE54-9A1E7A4F7556}") = "ServiceNow.API", "ServiceNow_api\ServiceNow.API.csproj", "{FE2EEBE9-CA5B-4499-92D4-4DCB450852F7}"
EndProject
Project("{9A19103F-16F7-4668-BE54-9A1E7A4F7556}") = "ServiceNow.Data", "ServiceNow.Data\ServiceNow.Data.csproj", "{36DE05AB-A08E-4BAE-B7E4-9189AD299377}"
EndProject
Project("{9A19103F-16F7-4668-BE54-9A1E7A4F7556}") = "ServiceNow.Domain", "ServiceNow.Domain\ServiceNow.Domain.csproj", "{D2CAA325-75C3-47C1-80D1-10A7ACB025F8}"
EndProject
Project("{9A19103F-16F7-4668-BE54-9A1E7A4F7556}") = "ServiceNow.Models", "ServiceNow.Models\ServiceNow.Models.csproj", "{84DD9DD8-D39C-4907-A572-2C68FB6B622C}"
EndProject
Project("{9A19103F-16F7-4668-BE54-9A1E7A4F7556}") = "ServiceNow.Logic", "ServiceNow.Logic\ServiceNow.Logic.csproj", "{32A6A68A-B3B0-4316-BAF0-46C65DD9B85B}"
EndProject
Global
	GlobalSection(SolutionConfigurationPlatforms) = preSolution
		Debug|Any CPU = Debug|Any CPU
		Release|Any CPU = Release|Any CPU
	EndGlobalSection
	GlobalSection(ProjectConfigurationPlatforms) = postSolution
		{FE2EEBE9-CA5B-4499-92D4-4DCB450852F7}.Debug|Any CPU.ActiveCfg = Debug|Any CPU
		{FE2EEBE9-CA5B-4499-92D4-4DCB450852F7}.Debug|Any CPU.Build.0 = Debug|Any CPU
		{FE2EEBE9-CA5B-4499-92D4-4DCB450852F7}.Release|Any CPU.ActiveCfg = Release|Any CPU
		{FE2EEBE9-CA5B-4499-92D4-4DCB450852F7}.Release|Any CPU.Build.0 = Release|Any CPU
		{36DE05AB-A08E-4BAE-B7E4-9189AD299377}.Debug|Any CPU.ActiveCfg = Debug|Any CPU
		{36DE05AB-A08E-4BAE-B7E4-9189AD299377}.Debug|Any CPU.Build.0 = Debug|Any CPU
		{36DE05AB-A08E-4BAE-B7E4-9189AD299377}.Release|Any CPU.ActiveCfg = Release|Any CPU
		{36DE05AB-A08E-4BAE-B7E4-9189AD299377}.Release|Any CPU.Build.0 = Release|Any CPU
		{D2CAA325-75C3-47C1-80D1-10A7ACB025F8}.Debug|Any CPU.ActiveCfg = Debug|Any CPU
		{D2CAA325-75C3-47C1-80D1-10A7ACB025F8}.Debug|Any CPU.Build.0 = Debug|Any CPU
		{D2CAA325-75C3-47C1-80D1-10A7ACB025F8}.Release|Any CPU.ActiveCfg = Release|Any CPU
		{D2CAA325-75C3-47C1-80D1-10A7ACB025F8}.Release|Any CPU.Build.0 = Release|Any CPU
		{84DD9DD8-D39C-4907-A572-2C68FB6B622C}.Debug|Any CPU.ActiveCfg = Debug|Any CPU
		{84DD9DD8-D39C-4907-A572-2C68FB6B622C}.Debug|Any CPU.Build.0 = Debug|Any CPU
		{84DD9DD8-D39C-4907-A572-2C68FB6B622C}.Release|Any CPU.ActiveCfg = Release|Any CPU
		{84DD9DD8-D39C-4907-A572-2C68FB6B622C}.Release|Any CPU.Build.0 = Release|Any CPU
		{32A6A68A-B3B0-4316-BAF0-46C65DD9B85B}.Debug|Any CPU.ActiveCfg = Debug|Any CPU
		{32A6A68A-B3B0-4316-BAF0-46C65DD9B85B}.Debug|Any CPU.Build.0 = Debug|Any CPU
		{32A6A68A-B3B0-4316-BAF0-46C65DD9B85B}.Release|Any CPU.ActiveCfg = Release|Any CPU
		{32A6A68A-B3B0-4316-BAF0-46C65DD9B85B}.Release|Any CPU.Build.0 = Release|Any CPU
	EndGlobalSection
	GlobalSection(SolutionProperties) = preSolution
		HideSolutionNode = FALSE
	EndGlobalSection
	GlobalSection(ExtensibilityGlobals) = postSolution
		SolutionGuid = {571E2F08-CD95-4B3A-93BB-49D46B2F20CC}
	EndGlobalSection
EndGlobal
